
Microsoft Visual Studio Solution File, Format Version 12.00
# Visual Studio Version 17
VisualStudioVersion = 17.6.33717.318
MinimumVisualStudioVersion = 10.0.40219.1
Project("{FAE04EC0-301F-11D3-BF4B-00C04F79EFBC}") = "LinkedListImplementation", "LinkedListImplementation\LinkedListImplementation.csproj", "{F3059A15-C7E5-45CF-BC52-325F18050FAF}"
EndProject
Global
	GlobalSection(SolutionConfigurationPlatforms) = preSolution
		Debug|Any CPU = Debug|Any CPU
		Release|Any CPU = Release|Any CPU
	EndGlobalSection
	GlobalSection(ProjectConfigurationPlatforms) = postSolution
		{F3059A15-C7E5-45CF-BC52-325F18050FAF}.Debug|Any CPU.ActiveCfg = Debug|Any CPU
		{F3059A15-C7E5-45CF-BC52-325F18050FAF}.Debug|Any CPU.Build.0 = Debug|Any CPU
		{F3059A15-C7E5-45CF-BC52-325F18050FAF}.Release|Any CPU.ActiveCfg = Release|Any CPU
		{F3059A15-C7E5-45CF-BC52-325F18050FAF}.Release|Any CPU.Build.0 = Release|Any CPU
	EndGlobalSection
	GlobalSection(SolutionProperties) = preSolution
		HideSolutionNode = FALSE
	EndGlobalSection
	GlobalSection(ExtensibilityGlobals) = postSolution
		SolutionGuid = {1A616A54-F3CB-4A58-8FBE-58575C7EF066}
	EndGlobalSection
EndGlobal
